
Microsoft Visual Studio Solution File, Format Version 12.00
# Visual Studio Version 16
VisualStudioVersion = 16.0.29503.13
MinimumVisualStudioVersion = 10.0.40219.1
Project("{FAE04EC0-301F-11D3-BF4B-00C04F79EFBC}") = "CRMSystem.Presentation.Core", "TunnexCRM\CRMSystem.Presentation.Core.csproj", "{99E9FDDE-6AEF-4D20-B210-77521BEE02E6}"
EndProject
Project("{FAE04EC0-301F-11D3-BF4B-00C04F79EFBC}") = "CRMSystem.Infrastructure.Core", "CRMSystem.Infrastructure.Core\CRMSystem.Infrastructure.Core.csproj", "{AFDCB974-614D-4888-880B-B8B32000D38D}"
EndProject
Project("{FAE04EC0-301F-11D3-BF4B-00C04F79EFBC}") = "CRMSystem.Domains.Core", "CRMSystem.Domains.Core\CRMSystem.Domains.Core.csproj", "{F5B4A078-E0EF-4ACD-89CD-DF5338D52E0A}"
EndProject
Global
	GlobalSection(SolutionConfigurationPlatforms) = preSolution
		Debug|Any CPU = Debug|Any CPU
		Release|Any CPU = Release|Any CPU
	EndGlobalSection
	GlobalSection(ProjectConfigurationPlatforms) = postSolution
		{99E9FDDE-6AEF-4D20-B210-77521BEE02E6}.Debug|Any CPU.ActiveCfg = Debug|Any CPU
		{99E9FDDE-6AEF-4D20-B210-77521BEE02E6}.Debug|Any CPU.Build.0 = Debug|Any CPU
		{99E9FDDE-6AEF-4D20-B210-77521BEE02E6}.Release|Any CPU.ActiveCfg = Release|Any CPU
		{99E9FDDE-6AEF-4D20-B210-77521BEE02E6}.Release|Any CPU.Build.0 = Release|Any CPU
		{AFDCB974-614D-4888-880B-B8B32000D38D}.Debug|Any CPU.ActiveCfg = Debug|Any CPU
		{AFDCB974-614D-4888-880B-B8B32000D38D}.Debug|Any CPU.Build.0 = Debug|Any CPU
		{AFDCB974-614D-4888-880B-B8B32000D38D}.Release|Any CPU.ActiveCfg = Release|Any CPU
		{AFDCB974-614D-4888-880B-B8B32000D38D}.Release|Any CPU.Build.0 = Release|Any CPU
		{F5B4A078-E0EF-4ACD-89CD-DF5338D52E0A}.Debug|Any CPU.ActiveCfg = Debug|Any CPU
		{F5B4A078-E0EF-4ACD-89CD-DF5338D52E0A}.Debug|Any CPU.Build.0 = Debug|Any CPU
		{F5B4A078-E0EF-4ACD-89CD-DF5338D52E0A}.Release|Any CPU.ActiveCfg = Release|Any CPU
		{F5B4A078-E0EF-4ACD-89CD-DF5338D52E0A}.Release|Any CPU.Build.0 = Release|Any CPU
	EndGlobalSection
	GlobalSection(SolutionProperties) = preSolution
		HideSolutionNode = FALSE
	EndGlobalSection
	GlobalSection(ExtensibilityGlobals) = postSolution
		SolutionGuid = {BC3BF710-A04F-45E5-9AEF-5831E696DD9C}
	EndGlobalSection
EndGlobal
